
Microsoft Visual Studio Solution File, Format Version 12.00
# Visual Studio 15
VisualStudioVersion = 15.0.28307.329
MinimumVisualStudioVersion = 10.0.40219.1
Project("{FAE04EC0-301F-11D3-BF4B-00C04F79EFBC}") = "BankCard", "BankCard\BankCard.csproj", "{82B1E863-853B-486F-96D2-C73F12FF72D4}"
EndProject
Project("{FAE04EC0-301F-11D3-BF4B-00C04F79EFBC}") = "MailHelperLib", "MailHelperLib\MailHelperLib.csproj", "{EBB68C37-9908-44C3-935A-368C2485FE15}"
EndProject
Global
	GlobalSection(SolutionConfigurationPlatforms) = preSolution
		Debug|Any CPU = Debug|Any CPU
		Release|Any CPU = Release|Any CPU
	EndGlobalSection
	GlobalSection(ProjectConfigurationPlatforms) = postSolution
		{82B1E863-853B-486F-96D2-C73F12FF72D4}.Debug|Any CPU.ActiveCfg = Debug|Any CPU
		{82B1E863-853B-486F-96D2-C73F12FF72D4}.Debug|Any CPU.Build.0 = Debug|Any CPU
		{82B1E863-853B-486F-96D2-C73F12FF72D4}.Release|Any CPU.ActiveCfg = Release|Any CPU
		{82B1E863-853B-486F-96D2-C73F12FF72D4}.Release|Any CPU.Build.0 = Release|Any CPU
		{EBB68C37-9908-44C3-935A-368C2485FE15}.Debug|Any CPU.ActiveCfg = Debug|Any CPU
		{EBB68C37-9908-44C3-935A-368C2485FE15}.Debug|Any CPU.Build.0 = Debug|Any CPU
		{EBB68C37-9908-44C3-935A-368C2485FE15}.Release|Any CPU.ActiveCfg = Release|Any CPU
		{EBB68C37-9908-44C3-935A-368C2485FE15}.Release|Any CPU.Build.0 = Release|Any CPU
	EndGlobalSection
	GlobalSection(SolutionProperties) = preSolution
		HideSolutionNode = FALSE
	EndGlobalSection
	GlobalSection(ExtensibilityGlobals) = postSolution
		SolutionGuid = {279F22BA-2050-4DAA-B54F-5740239EBE72}
	EndGlobalSection
EndGlobal
